// !$*UTF8*$!
{
	archiveVersion = 1;
	classes = {
	};
	objectVersion = 56;
	objects = {

/* Begin PBXBuildFile section */
		2A734E57F4D44DC5869156B4 /* LoopdownCore.framework in Frameworks */ = {isa = PBXBuildFile; fileRef = FAA398632F1BA16E0053139B /* LoopdownCore.framework */; };
		594F80C8424040CBBD2934B6 /* LoopdownInfrastructure.framework in Frameworks */ = {isa = PBXBuildFile; fileRef = FAA398472F1BA15A0053139B /* LoopdownInfrastructure.framework */; };
		AB63D0C0CE3543F1A67A35EA /* LoopdownServices.framework in Frameworks */ = {isa = PBXBuildFile; fileRef = FAA3982B2F1BA1330053139B /* LoopdownServices.framework */; };
		FA0A60A62F1C4BAE0025ED20 /* LoopdownConstants.swift in Sources */ = {isa = PBXBuildFile; fileRef = FA0A60A52F1C4BAE0025ED20 /* LoopdownConstants.swift */; };
		FA0A60A82F1C4C9E0025ED20 /* Logging.swift in Sources */ = {isa = PBXBuildFile; fileRef = FA0A60A72F1C4C9E0025ED20 /* Logging.swift */; };
		FA0A60AB2F1C51630025ED20 /* AppLogLevel+ArgumentParser.swift in Sources */ = {isa = PBXBuildFile; fileRef = FA0A60AA2F1C51630025ED20 /* AppLogLevel+ArgumentParser.swift */; };
		FA0A60AF2F1C54020025ED20 /* PrivilegeCheck.swift in Sources */ = {isa = PBXBuildFile; fileRef = FA0A60AE2F1C54020025ED20 /* PrivilegeCheck.swift */; };
		FA0A60B12F1C54560025ED20 /* ServerArguments.swift in Sources */ = {isa = PBXBuildFile; fileRef = FA0A60B02F1C54560025ED20 /* ServerArguments.swift */; };
		FA0A60B32F1C548D0025ED20 /* CommonArguments.swift in Sources */ = {isa = PBXBuildFile; fileRef = FA0A60B22F1C548D0025ED20 /* CommonArguments.swift */; };
		FA0A60B52F1C54BE0025ED20 /* Deploy.swift in Sources */ = {isa = PBXBuildFile; fileRef = FA0A60B42F1C54BE0025ED20 /* Deploy.swift */; };
		FA0A60B72F1C550F0025ED20 /* Download.swift in Sources */ = {isa = PBXBuildFile; fileRef = FA0A60B62F1C550F0025ED20 /* Download.swift */; };
		FA0A60B92F1C55540025ED20 /* Loopdown.swift in Sources */ = {isa = PBXBuildFile; fileRef = FA0A60B82F1C55540025ED20 /* Loopdown.swift */; };
		FA0A60BD2F1C568D0025ED20 /* ConcreteApp.swift in Sources */ = {isa = PBXBuildFile; fileRef = FA0A60BC2F1C568D0025ED20 /* ConcreteApp.swift */; };
		FA0A60C32F1C58D50025ED20 /* ValidationHelpers.swift in Sources */ = {isa = PBXBuildFile; fileRef = FA0A60C22F1C58D50025ED20 /* ValidationHelpers.swift */; };
		FA0A60C52F1C5A650025ED20 /* CLILogging.swift in Sources */ = {isa = PBXBuildFile; fileRef = FA0A60C42F1C5A650025ED20 /* CLILogging.swift */; };
		FA0A60C82F1C62AF0025ED20 /* BuildInfo.swift in Sources */ = {isa = PBXBuildFile; fileRef = FA0A60C72F1C62AF0025ED20 /* BuildInfo.swift */; };
		FA239F202F1CF222007A0E75 /* InstalledApplicationResolver.swift in Sources */ = {isa = PBXBuildFile; fileRef = FA239F1F2F1CF222007A0E75 /* InstalledApplicationResolver.swift */; };
		FA239F232F1CF2CA007A0E75 /* StagingDirectoryAndSignalling.swift in Sources */ = {isa = PBXBuildFile; fileRef = FA239F222F1CF2CA007A0E75 /* StagingDirectoryAndSignalling.swift */; };
		FA239F262F1E154B007A0E75 /* Collection+Enumerated.swift in Sources */ = {isa = PBXBuildFile; fileRef = FA239F252F1E154B007A0E75 /* Collection+Enumerated.swift */; };
		FA58F8E52F1CC9EA001EFB98 /* SystemProfiler.swift in Sources */ = {isa = PBXBuildFile; fileRef = FA58F8E42F1CC9EA001EFB98 /* SystemProfiler.swift */; };
		FA58F8EB2F1CCD38001EFB98 /* SubprocessRunner.swift in Sources */ = {isa = PBXBuildFile; fileRef = FA58F8E92F1CCD38001EFB98 /* SubprocessRunner.swift */; };
		FA58F8ED2F1CCF81001EFB98 /* PackageInfo.swift in Sources */ = {isa = PBXBuildFile; fileRef = FA58F8EC2F1CCF81001EFB98 /* PackageInfo.swift */; };
		FA7D5B522F28A89E0049BB47 /* ContentCoordinator.swift in Sources */ = {isa = PBXBuildFile; fileRef = FA7D5B512F28A89E0049BB47 /* ContentCoordinator.swift */; };
		FA7D5B542F28BF7C0049BB47 /* AssetCacheLocator.swift in Sources */ = {isa = PBXBuildFile; fileRef = FA7D5B532F28BF7C0049BB47 /* AssetCacheLocator.swift */; };
		FA7D5B572F28CA270049BB47 /* CacheServerResolution.swift in Sources */ = {isa = PBXBuildFile; fileRef = FA7D5B562F28CA270049BB47 /* CacheServerResolution.swift */; };
		FAA398352F1BA1330053139B /* LoopdownServices.framework in Frameworks */ = {isa = PBXBuildFile; fileRef = FAA3982B2F1BA1330053139B /* LoopdownServices.framework */; };
		FAA398512F1BA15A0053139B /* LoopdownInfrastructure.framework in Frameworks */ = {isa = PBXBuildFile; fileRef = FAA398472F1BA15A0053139B /* LoopdownInfrastructure.framework */; };
		FAA3986D2F1BA16F0053139B /* LoopdownCore.framework in Frameworks */ = {isa = PBXBuildFile; fileRef = FAA398632F1BA16E0053139B /* LoopdownCore.framework */; };
		FAA639A72F1BB28B00AD5B6E /* ArgumentParser in Frameworks */ = {isa = PBXBuildFile; productRef = FAA639A62F1BB28B00AD5B6E /* ArgumentParser */; };
		FAB048C52F1C6F4B000FA556 /* ConcreteApp+ArgumentParser.swift in Sources */ = {isa = PBXBuildFile; fileRef = FAB048C42F1C6F4B000FA556 /* ConcreteApp+ArgumentParser.swift */; };
		FAB048C72F1C74A0000FA556 /* ExecutionLock.swift in Sources */ = {isa = PBXBuildFile; fileRef = FAB048C62F1C74A0000FA556 /* ExecutionLock.swift */; };
		FAB048CB2F1C7A74000FA556 /* CLIRunner.swift in Sources */ = {isa = PBXBuildFile; fileRef = FAB048CA2F1C7A74000FA556 /* CLIRunner.swift */; };
		FAB47FAE2F1C8CE600CB44A1 /* ByteSize.swift in Sources */ = {isa = PBXBuildFile; fileRef = FAB47FAD2F1C8CE600CB44A1 /* ByteSize.swift */; };
		FAB47FB02F1C9DDA00CB44A1 /* DownloadPathNormalization.swift in Sources */ = {isa = PBXBuildFile; fileRef = FAB47FAF2F1C9DDA00CB44A1 /* DownloadPathNormalization.swift */; };
		FAB47FB32F1CA85E00CB44A1 /* AudioApplication.swift in Sources */ = {isa = PBXBuildFile; fileRef = FAB47FB22F1CA85E00CB44A1 /* AudioApplication.swift */; };
		FAB47FB82F1CAC5F00CB44A1 /* CoreLogger+Infrastructure.swift in Sources */ = {isa = PBXBuildFile; fileRef = FAB47FB72F1CAC5F00CB44A1 /* CoreLogger+Infrastructure.swift */; };
		FAB47FBA2F1CAEBF00CB44A1 /* AudioContentPackage.swift in Sources */ = {isa = PBXBuildFile; fileRef = FAB47FB92F1CAEBF00CB44A1 /* AudioContentPackage.swift */; };
		FAB47FC22F1CB78300CB44A1 /* LoggerProtocol.swift in Sources */ = {isa = PBXBuildFile; fileRef = FAB47FC02F1CB78300CB44A1 /* LoggerProtocol.swift */; };
		FAC711462F1BB88400DE79BF /* LoopdownServices.h in Headers */ = {isa = PBXBuildFile; fileRef = FA4A59C72F1BB85500F1FB70 /* LoopdownServices.h */; settings = {ATTRIBUTES = (Public, ); }; };
		FAC711472F1BB88900DE79BF /* LoopdownInfrastructure.h in Headers */ = {isa = PBXBuildFile; fileRef = FA4A59C62F1BB84800F1FB70 /* LoopdownInfrastructure.h */; settings = {ATTRIBUTES = (Public, ); }; };
		FAC711482F1BB88E00DE79BF /* LoopdownCore.h in Headers */ = {isa = PBXBuildFile; fileRef = FA4A59C52F1BB83C00F1FB70 /* LoopdownCore.h */; settings = {ATTRIBUTES = (Public, ); }; };
/* End PBXBuildFile section */

/* Begin PBXContainerItemProxy section */
		FAA398362F1BA1330053139B /* PBXContainerItemProxy */ = {
			isa = PBXContainerItemProxy;
			containerPortal = FAA398102F1B9FDD0053139B /* Project object */;
			proxyType = 1;
			remoteGlobalIDString = FAA3982A2F1BA1330053139B;
			remoteInfo = LoopdownServices;
		};
		FAA398522F1BA15A0053139B /* PBXContainerItemProxy */ = {
			isa = PBXContainerItemProxy;
			containerPortal = FAA398102F1B9FDD0053139B /* Project object */;
			proxyType = 1;
			remoteGlobalIDString = FAA398462F1BA15A0053139B;
			remoteInfo = LoopdownInfrastructure;
		};
		FAA3986E2F1BA16F0053139B /* PBXContainerItemProxy */ = {
			isa = PBXContainerItemProxy;
			containerPortal = FAA398102F1B9FDD0053139B /* Project object */;
			proxyType = 1;
			remoteGlobalIDString = FAA398622F1BA16E0053139B;
			remoteInfo = LoopdownCore;
		};
/* End PBXContainerItemProxy section */

/* Begin PBXCopyFilesBuildPhase section */
		FAA398162F1B9FDD0053139B /* CopyFiles */ = {
			isa = PBXCopyFilesBuildPhase;
			buildActionMask = 2147483647;
			dstPath = /usr/share/man/man1/;
			dstSubfolderSpec = 0;
			files = (
			);
			runOnlyForDeploymentPostprocessing = 1;
		};
/* End PBXCopyFilesBuildPhase section */

/* Begin PBXFileReference section */
		FA0A60A52F1C4BAE0025ED20 /* LoopdownConstants.swift */ = {isa = PBXFileReference; lastKnownFileType = sourcecode.swift; path = LoopdownConstants.swift; sourceTree = "<group>"; };
		FA0A60A72F1C4C9E0025ED20 /* Logging.swift */ = {isa = PBXFileReference; lastKnownFileType = sourcecode.swift; path = Logging.swift; sourceTree = "<group>"; };
		FA0A60AA2F1C51630025ED20 /* AppLogLevel+ArgumentParser.swift */ = {isa = PBXFileReference; lastKnownFileType = sourcecode.swift; path = "AppLogLevel+ArgumentParser.swift"; sourceTree = "<group>"; };
		FA0A60AE2F1C54020025ED20 /* PrivilegeCheck.swift */ = {isa = PBXFileReference; lastKnownFileType = sourcecode.swift; path = PrivilegeCheck.swift; sourceTree = "<group>"; };
		FA0A60B02F1C54560025ED20 /* ServerArguments.swift */ = {isa = PBXFileReference; lastKnownFileType = sourcecode.swift; path = ServerArguments.swift; sourceTree = "<group>"; };
		FA0A60B22F1C548D0025ED20 /* CommonArguments.swift */ = {isa = PBXFileReference; lastKnownFileType = sourcecode.swift; path = CommonArguments.swift; sourceTree = "<group>"; };
		FA0A60B42F1C54BE0025ED20 /* Deploy.swift */ = {isa = PBXFileReference; lastKnownFileType = sourcecode.swift; path = Deploy.swift; sourceTree = "<group>"; };
		FA0A60B62F1C550F0025ED20 /* Download.swift */ = {isa = PBXFileReference; lastKnownFileType = sourcecode.swift; path = Download.swift; sourceTree = "<group>"; };
		FA0A60B82F1C55540025ED20 /* Loopdown.swift */ = {isa = PBXFileReference; lastKnownFileType = sourcecode.swift; path = Loopdown.swift; sourceTree = "<group>"; };
		FA0A60BC2F1C568D0025ED20 /* ConcreteApp.swift */ = {isa = PBXFileReference; lastKnownFileType = sourcecode.swift; path = ConcreteApp.swift; sourceTree = "<group>"; };
		FA0A60C22F1C58D50025ED20 /* ValidationHelpers.swift */ = {isa = PBXFileReference; lastKnownFileType = sourcecode.swift; path = ValidationHelpers.swift; sourceTree = "<group>"; };
		FA0A60C42F1C5A650025ED20 /* CLILogging.swift */ = {isa = PBXFileReference; lastKnownFileType = sourcecode.swift; path = CLILogging.swift; sourceTree = "<group>"; };
		FA0A60C72F1C62AF0025ED20 /* BuildInfo.swift */ = {isa = PBXFileReference; fileEncoding = 4; lastKnownFileType = sourcecode.swift; name = BuildInfo.swift; path = Sources/Generated/BuildInfo.swift; sourceTree = SOURCE_ROOT; };
		FA239F1F2F1CF222007A0E75 /* InstalledApplicationResolver.swift */ = {isa = PBXFileReference; lastKnownFileType = sourcecode.swift; path = InstalledApplicationResolver.swift; sourceTree = "<group>"; };
		FA239F222F1CF2CA007A0E75 /* StagingDirectoryAndSignalling.swift */ = {isa = PBXFileReference; lastKnownFileType = sourcecode.swift; path = StagingDirectoryAndSignalling.swift; sourceTree = "<group>"; };
		FA239F252F1E154B007A0E75 /* Collection+Enumerated.swift */ = {isa = PBXFileReference; lastKnownFileType = sourcecode.swift; path = "Collection+Enumerated.swift"; sourceTree = "<group>"; };
		FA290E632F1BADCE0090B7F7 /* LoopdownServices.docc */ = {isa = PBXFileReference; lastKnownFileType = folder.documentationcatalog; path = LoopdownServices.docc; sourceTree = "<group>"; };
		FA290E682F1BADCE0090B7F7 /* LoopdownInfrastructure.docc */ = {isa = PBXFileReference; lastKnownFileType = folder.documentationcatalog; path = LoopdownInfrastructure.docc; sourceTree = "<group>"; };
		FA290E6B2F1BADCE0090B7F7 /* LoopdownCore.docc */ = {isa = PBXFileReference; lastKnownFileType = folder.documentationcatalog; path = LoopdownCore.docc; sourceTree = "<group>"; };
		FA4A59C52F1BB83C00F1FB70 /* LoopdownCore.h */ = {isa = PBXFileReference; lastKnownFileType = sourcecode.c.h; path = LoopdownCore.h; sourceTree = "<group>"; };
		FA4A59C62F1BB84800F1FB70 /* LoopdownInfrastructure.h */ = {isa = PBXFileReference; lastKnownFileType = sourcecode.c.h; path = LoopdownInfrastructure.h; sourceTree = "<group>"; };
		FA4A59C72F1BB85500F1FB70 /* LoopdownServices.h */ = {isa = PBXFileReference; lastKnownFileType = sourcecode.c.h; path = LoopdownServices.h; sourceTree = "<group>"; };
		FA58F8E42F1CC9EA001EFB98 /* SystemProfiler.swift */ = {isa = PBXFileReference; lastKnownFileType = sourcecode.swift; path = SystemProfiler.swift; sourceTree = "<group>"; };
		FA58F8E92F1CCD38001EFB98 /* SubprocessRunner.swift */ = {isa = PBXFileReference; fileEncoding = 4; lastKnownFileType = sourcecode.swift; path = SubprocessRunner.swift; sourceTree = "<group>"; };
		FA58F8EC2F1CCF81001EFB98 /* PackageInfo.swift */ = {isa = PBXFileReference; lastKnownFileType = sourcecode.swift; path = PackageInfo.swift; sourceTree = "<group>"; };
		FA7D5B512F28A89E0049BB47 /* ContentCoordinator.swift */ = {isa = PBXFileReference; lastKnownFileType = sourcecode.swift; path = ContentCoordinator.swift; sourceTree = "<group>"; };
		FA7D5B532F28BF7C0049BB47 /* AssetCacheLocator.swift */ = {isa = PBXFileReference; lastKnownFileType = sourcecode.swift; path = AssetCacheLocator.swift; sourceTree = "<group>"; };
		FA7D5B562F28CA270049BB47 /* CacheServerResolution.swift */ = {isa = PBXFileReference; lastKnownFileType = sourcecode.swift; path = CacheServerResolution.swift; sourceTree = "<group>"; };
		FAA398182F1B9FDD0053139B /* loopdown */ = {isa = PBXFileReference; explicitFileType = "compiled.mach-o.executable"; includeInIndex = 0; path = loopdown; sourceTree = BUILT_PRODUCTS_DIR; };
		FAA3982B2F1BA1330053139B /* LoopdownServices.framework */ = {isa = PBXFileReference; explicitFileType = wrapper.framework; includeInIndex = 0; path = LoopdownServices.framework; sourceTree = BUILT_PRODUCTS_DIR; };
		FAA398342F1BA1330053139B /* LoopdownServicesTests.xctest */ = {isa = PBXFileReference; explicitFileType = wrapper.cfbundle; includeInIndex = 0; path = LoopdownServicesTests.xctest; sourceTree = BUILT_PRODUCTS_DIR; };
		FAA398472F1BA15A0053139B /* LoopdownInfrastructure.framework */ = {isa = PBXFileReference; explicitFileType = wrapper.framework; includeInIndex = 0; path = LoopdownInfrastructure.framework; sourceTree = BUILT_PRODUCTS_DIR; };
		FAA398502F1BA15A0053139B /* LoopdownInfrastructureTests.xctest */ = {isa = PBXFileReference; explicitFileType = wrapper.cfbundle; includeInIndex = 0; path = LoopdownInfrastructureTests.xctest; sourceTree = BUILT_PRODUCTS_DIR; };
		FAA398632F1BA16E0053139B /* LoopdownCore.framework */ = {isa = PBXFileReference; explicitFileType = wrapper.framework; includeInIndex = 0; path = LoopdownCore.framework; sourceTree = BUILT_PRODUCTS_DIR; };
		FAA3986C2F1BA16F0053139B /* LoopdownCoreTests.xctest */ = {isa = PBXFileReference; explicitFileType = wrapper.cfbundle; includeInIndex = 0; path = LoopdownCoreTests.xctest; sourceTree = BUILT_PRODUCTS_DIR; };
		FAB048C42F1C6F4B000FA556 /* ConcreteApp+ArgumentParser.swift */ = {isa = PBXFileReference; lastKnownFileType = sourcecode.swift; path = "ConcreteApp+ArgumentParser.swift"; sourceTree = "<group>"; };
		FAB048C62F1C74A0000FA556 /* ExecutionLock.swift */ = {isa = PBXFileReference; lastKnownFileType = sourcecode.swift; path = ExecutionLock.swift; sourceTree = "<group>"; };
		FAB048CA2F1C7A74000FA556 /* CLIRunner.swift */ = {isa = PBXFileReference; lastKnownFileType = sourcecode.swift; path = CLIRunner.swift; sourceTree = "<group>"; };
		FAB47FAD2F1C8CE600CB44A1 /* ByteSize.swift */ = {isa = PBXFileReference; lastKnownFileType = sourcecode.swift; path = ByteSize.swift; sourceTree = "<group>"; };
		FAB47FAF2F1C9DDA00CB44A1 /* DownloadPathNormalization.swift */ = {isa = PBXFileReference; lastKnownFileType = sourcecode.swift; path = DownloadPathNormalization.swift; sourceTree = "<group>"; };
		FAB47FB22F1CA85E00CB44A1 /* AudioApplication.swift */ = {isa = PBXFileReference; lastKnownFileType = sourcecode.swift; path = AudioApplication.swift; sourceTree = "<group>"; };
		FAB47FB72F1CAC5F00CB44A1 /* CoreLogger+Infrastructure.swift */ = {isa = PBXFileReference; lastKnownFileType = sourcecode.swift; path = "CoreLogger+Infrastructure.swift"; sourceTree = "<group>"; };
		FAB47FB92F1CAEBF00CB44A1 /* AudioContentPackage.swift */ = {isa = PBXFileReference; lastKnownFileType = sourcecode.swift; path = AudioContentPackage.swift; sourceTree = "<group>"; };
		FAB47FC02F1CB78300CB44A1 /* LoggerProtocol.swift */ = {isa = PBXFileReference; fileEncoding = 4; lastKnownFileType = sourcecode.swift; path = LoggerProtocol.swift; sourceTree = "<group>"; };
/* End PBXFileReference section */

/* Begin PBXFrameworksBuildPhase section */
		FAA398152F1B9FDD0053139B /* Frameworks */ = {
			isa = PBXFrameworksBuildPhase;
			buildActionMask = 2147483647;
			files = (
				FAA639A72F1BB28B00AD5B6E /* ArgumentParser in Frameworks */,
				AB63D0C0CE3543F1A67A35EA /* LoopdownServices.framework in Frameworks */,
			);
			runOnlyForDeploymentPostprocessing = 0;
		};
		FAA398282F1BA1330053139B /* Frameworks */ = {
			isa = PBXFrameworksBuildPhase;
			buildActionMask = 2147483647;
			files = (
				2A734E57F4D44DC5869156B4 /* LoopdownCore.framework in Frameworks */,
				594F80C8424040CBBD2934B6 /* LoopdownInfrastructure.framework in Frameworks */,
			);
			runOnlyForDeploymentPostprocessing = 0;
		};
		FAA398312F1BA1330053139B /* Frameworks */ = {
			isa = PBXFrameworksBuildPhase;
			buildActionMask = 2147483647;
			files = (
				FAA398352F1BA1330053139B /* LoopdownServices.framework in Frameworks */,
			);
			runOnlyForDeploymentPostprocessing = 0;
		};
		FAA398442F1BA15A0053139B /* Frameworks */ = {
			isa = PBXFrameworksBuildPhase;
			buildActionMask = 2147483647;
			files = (
			);
			runOnlyForDeploymentPostprocessing = 0;
		};
		FAA3984D2F1BA15A0053139B /* Frameworks */ = {
			isa = PBXFrameworksBuildPhase;
			buildActionMask = 2147483647;
			files = (
				FAA398512F1BA15A0053139B /* LoopdownInfrastructure.framework in Frameworks */,
			);
			runOnlyForDeploymentPostprocessing = 0;
		};
		FAA398602F1BA16E0053139B /* Frameworks */ = {
			isa = PBXFrameworksBuildPhase;
			buildActionMask = 2147483647;
			files = (
			);
			runOnlyForDeploymentPostprocessing = 0;
		};
		FAA398692F1BA16F0053139B /* Frameworks */ = {
			isa = PBXFrameworksBuildPhase;
			buildActionMask = 2147483647;
			files = (
				FAA3986D2F1BA16F0053139B /* LoopdownCore.framework in Frameworks */,
			);
			runOnlyForDeploymentPostprocessing = 0;
		};
/* End PBXFrameworksBuildPhase section */

/* Begin PBXGroup section */
		FA239F1E2F1CF20E007A0E75 /* Discovery */ = {
			isa = PBXGroup;
			children = (
				FA239F1F2F1CF222007A0E75 /* InstalledApplicationResolver.swift */,
			);
			path = Discovery;
			sourceTree = "<group>";
		};
		FA239F212F1CF2A1007A0E75 /* Deploy */ = {
			isa = PBXGroup;
			children = (
				FA239F222F1CF2CA007A0E75 /* StagingDirectoryAndSignalling.swift */,
			);
			path = Deploy;
			sourceTree = "<group>";
		};
		FA239F242F1E153A007A0E75 /* Extensions */ = {
			isa = PBXGroup;
			children = (
				FA239F252F1E154B007A0E75 /* Collection+Enumerated.swift */,
			);
			path = Extensions;
			sourceTree = "<group>";
		};
		FA290E652F1BADCE0090B7F7 /* LoopdownServices */ = {
			isa = PBXGroup;
			children = (
				FA7D5B502F28A8910049BB47 /* Orchestration */,
				FA239F212F1CF2A1007A0E75 /* Deploy */,
				FA239F1E2F1CF20E007A0E75 /* Discovery */,
				FA4A59C72F1BB85500F1FB70 /* LoopdownServices.h */,
				FA290E632F1BADCE0090B7F7 /* LoopdownServices.docc */,
			);
			name = LoopdownServices;
			path = Sources/LoopdownServices;
			sourceTree = "<group>";
		};
		FA290E672F1BADCE0090B7F7 /* LoopdownCLI */ = {
			isa = PBXGroup;
			children = (
				FA7D5B552F28CA160049BB47 /* Helpers */,
				FA0A60AA2F1C51630025ED20 /* AppLogLevel+ArgumentParser.swift */,
				FA0A60B02F1C54560025ED20 /* ServerArguments.swift */,
				FA0A60B22F1C548D0025ED20 /* CommonArguments.swift */,
				FA0A60B42F1C54BE0025ED20 /* Deploy.swift */,
				FA0A60B62F1C550F0025ED20 /* Download.swift */,
				FA0A60B82F1C55540025ED20 /* Loopdown.swift */,
				FA0A60C22F1C58D50025ED20 /* ValidationHelpers.swift */,
				FA0A60C42F1C5A650025ED20 /* CLILogging.swift */,
				FAB048C42F1C6F4B000FA556 /* ConcreteApp+ArgumentParser.swift */,
				FAB048CA2F1C7A74000FA556 /* CLIRunner.swift */,
				FAB47FB72F1CAC5F00CB44A1 /* CoreLogger+Infrastructure.swift */,
			);
			name = LoopdownCLI;
			path = Sources/LoopdownCLI;
			sourceTree = "<group>";
		};
		FA290E6A2F1BADCE0090B7F7 /* LoopdownInfrastructure */ = {
			isa = PBXGroup;
			children = (
				FA58F8EA2F1CCD38001EFB98 /* Subprocess */,
				FA4A59C62F1BB84800F1FB70 /* LoopdownInfrastructure.h */,
				FA290E682F1BADCE0090B7F7 /* LoopdownInfrastructure.docc */,
				FA0A60A72F1C4C9E0025ED20 /* Logging.swift */,
				FA0A60AE2F1C54020025ED20 /* PrivilegeCheck.swift */,
				FAB048C62F1C74A0000FA556 /* ExecutionLock.swift */,
			);
			name = LoopdownInfrastructure;
			path = Sources/LoopdownInfrastructure;
			sourceTree = "<group>";
		};
		FA290E6D2F1BADCE0090B7F7 /* LoopdownCore */ = {
			isa = PBXGroup;
			children = (
				FA239F242F1E153A007A0E75 /* Extensions */,
				FAB47FC12F1CB78300CB44A1 /* SupportProtocols */,
				FAB47FB12F1CA84C00CB44A1 /* Models */,
				FAB47FAC2F1C8CCE00CB44A1 /* Utilities */,
				FA0A60C72F1C62AF0025ED20 /* BuildInfo.swift */,
				FA4A59C52F1BB83C00F1FB70 /* LoopdownCore.h */,
				FA290E6B2F1BADCE0090B7F7 /* LoopdownCore.docc */,
				FA0A60A52F1C4BAE0025ED20 /* LoopdownConstants.swift */,
				FA0A60BC2F1C568D0025ED20 /* ConcreteApp.swift */,
			);
			name = LoopdownCore;
			path = Sources/LoopdownCore;
			sourceTree = "<group>";
		};
		FA58F8EA2F1CCD38001EFB98 /* Subprocess */ = {
			isa = PBXGroup;
			children = (
				FA58F8E92F1CCD38001EFB98 /* SubprocessRunner.swift */,
				FA58F8E42F1CC9EA001EFB98 /* SystemProfiler.swift */,
				FA58F8EC2F1CCF81001EFB98 /* PackageInfo.swift */,
				FA7D5B532F28BF7C0049BB47 /* AssetCacheLocator.swift */,
			);
			path = Subprocess;
			sourceTree = "<group>";
		};
		FA7D5B502F28A8910049BB47 /* Orchestration */ = {
			isa = PBXGroup;
			children = (
				FA7D5B512F28A89E0049BB47 /* ContentCoordinator.swift */,
			);
			path = Orchestration;
			sourceTree = "<group>";
		};
		FA7D5B552F28CA160049BB47 /* Helpers */ = {
			isa = PBXGroup;
			children = (
				FA7D5B562F28CA270049BB47 /* CacheServerResolution.swift */,
			);
			path = Helpers;
			sourceTree = "<group>";
		};
		FAA3980F2F1B9FDD0053139B = {
			isa = PBXGroup;
			children = (
				FA290E672F1BADCE0090B7F7 /* LoopdownCLI */,
				FA290E6D2F1BADCE0090B7F7 /* LoopdownCore */,
				FA290E6A2F1BADCE0090B7F7 /* LoopdownInfrastructure */,
				FA290E652F1BADCE0090B7F7 /* LoopdownServices */,
				FAA398192F1B9FDD0053139B /* Products */,
			);
			sourceTree = "<group>";
		};
		FAA398192F1B9FDD0053139B /* Products */ = {
			isa = PBXGroup;
			children = (
				FAA398182F1B9FDD0053139B /* loopdown */,
				FAA3982B2F1BA1330053139B /* LoopdownServices.framework */,
				FAA398342F1BA1330053139B /* LoopdownServicesTests.xctest */,
				FAA398472F1BA15A0053139B /* LoopdownInfrastructure.framework */,
				FAA398502F1BA15A0053139B /* LoopdownInfrastructureTests.xctest */,
				FAA398632F1BA16E0053139B /* LoopdownCore.framework */,
				FAA3986C2F1BA16F0053139B /* LoopdownCoreTests.xctest */,
			);
			name = Products;
			sourceTree = "<group>";
		};
		FAB47FAC2F1C8CCE00CB44A1 /* Utilities */ = {
			isa = PBXGroup;
			children = (
				FAB47FAD2F1C8CE600CB44A1 /* ByteSize.swift */,
				FAB47FAF2F1C9DDA00CB44A1 /* DownloadPathNormalization.swift */,
			);
			path = Utilities;
			sourceTree = "<group>";
		};
		FAB47FB12F1CA84C00CB44A1 /* Models */ = {
			isa = PBXGroup;
			children = (
				FAB47FB22F1CA85E00CB44A1 /* AudioApplication.swift */,
				FAB47FB92F1CAEBF00CB44A1 /* AudioContentPackage.swift */,
			);
			path = Models;
			sourceTree = "<group>";
		};
		FAB47FC12F1CB78300CB44A1 /* SupportProtocols */ = {
			isa = PBXGroup;
			children = (
				FAB47FC02F1CB78300CB44A1 /* LoggerProtocol.swift */,
			);
			path = SupportProtocols;
			sourceTree = "<group>";
		};
/* End PBXGroup section */

/* Begin PBXHeadersBuildPhase section */
		FAA398262F1BA1330053139B /* Headers */ = {
			isa = PBXHeadersBuildPhase;
			buildActionMask = 2147483647;
			files = (
				FAC711462F1BB88400DE79BF /* LoopdownServices.h in Headers */,
			);
			runOnlyForDeploymentPostprocessing = 0;
		};
		FAA398422F1BA15A0053139B /* Headers */ = {
			isa = PBXHeadersBuildPhase;
			buildActionMask = 2147483647;
			files = (
				FAC711472F1BB88900DE79BF /* LoopdownInfrastructure.h in Headers */,
			);
			runOnlyForDeploymentPostprocessing = 0;
		};
		FAA3985E2F1BA16E0053139B /* Headers */ = {
			isa = PBXHeadersBuildPhase;
			buildActionMask = 2147483647;
			files = (
				FAC711482F1BB88E00DE79BF /* LoopdownCore.h in Headers */,
			);
			runOnlyForDeploymentPostprocessing = 0;
		};
/* End PBXHeadersBuildPhase section */

/* Begin PBXNativeTarget section */
		FAA398172F1B9FDD0053139B /* loopdown */ = {
			isa = PBXNativeTarget;
			buildConfigurationList = FAA3981F2F1B9FDD0053139B /* Build configuration list for PBXNativeTarget "loopdown" */;
			buildPhases = (
				FAA398142F1B9FDD0053139B /* Sources */,
				FAA398152F1B9FDD0053139B /* Frameworks */,
				FAA398162F1B9FDD0053139B /* CopyFiles */,
			);
			buildRules = (
			);
			dependencies = (
				1893FE3B2932433384D755CA /* PBXTargetDependency */,
			);
			name = loopdown;
			packageProductDependencies = (
				FAA639A62F1BB28B00AD5B6E /* ArgumentParser */,
			);
			productName = loopdown;
			productReference = FAA398182F1B9FDD0053139B /* loopdown */;
			productType = "com.apple.product-type.tool";
		};
		FAA3982A2F1BA1330053139B /* LoopdownServices */ = {
			isa = PBXNativeTarget;
			buildConfigurationList = FAA3983C2F1BA1330053139B /* Build configuration list for PBXNativeTarget "LoopdownServices" */;
			buildPhases = (
				FAA398262F1BA1330053139B /* Headers */,
				FAA398272F1BA1330053139B /* Sources */,
				FAA398282F1BA1330053139B /* Frameworks */,
				FAA398292F1BA1330053139B /* Resources */,
			);
			buildRules = (
			);
			dependencies = (
				E11EA5DB94504A8AA8A8ED23 /* PBXTargetDependency */,
				9F5D9DEBA8144307878280D7 /* PBXTargetDependency */,
			);
			name = LoopdownServices;
			productName = LoopdownServices;
			productReference = FAA3982B2F1BA1330053139B /* LoopdownServices.framework */;
			productType = "com.apple.product-type.framework";
		};
		FAA398332F1BA1330053139B /* LoopdownServicesTests */ = {
			isa = PBXNativeTarget;
			buildConfigurationList = FAA3983F2F1BA1330053139B /* Build configuration list for PBXNativeTarget "LoopdownServicesTests" */;
			buildPhases = (
				FAA398302F1BA1330053139B /* Sources */,
				FAA398312F1BA1330053139B /* Frameworks */,
				FAA398322F1BA1330053139B /* Resources */,
			);
			buildRules = (
			);
			dependencies = (
				FAA398372F1BA1330053139B /* PBXTargetDependency */,
			);
			name = LoopdownServicesTests;
			productName = LoopdownServicesTests;
			productReference = FAA398342F1BA1330053139B /* LoopdownServicesTests.xctest */;
			productType = "com.apple.product-type.bundle.unit-test";
		};
		FAA398462F1BA15A0053139B /* LoopdownInfrastructure */ = {
			isa = PBXNativeTarget;
			buildConfigurationList = FAA398582F1BA15A0053139B /* Build configuration list for PBXNativeTarget "LoopdownInfrastructure" */;
			buildPhases = (
				FAA398422F1BA15A0053139B /* Headers */,
				FAA398432F1BA15A0053139B /* Sources */,
				FAA398442F1BA15A0053139B /* Frameworks */,
				FAA398452F1BA15A0053139B /* Resources */,
			);
			buildRules = (
			);
			dependencies = (
			);
			name = LoopdownInfrastructure;
			productName = LoopdownInfrastructure;
			productReference = FAA398472F1BA15A0053139B /* LoopdownInfrastructure.framework */;
			productType = "com.apple.product-type.framework";
		};
		FAA3984F2F1BA15A0053139B /* LoopdownInfrastructureTests */ = {
			isa = PBXNativeTarget;
			buildConfigurationList = FAA3985B2F1BA15A0053139B /* Build configuration list for PBXNativeTarget "LoopdownInfrastructureTests" */;
			buildPhases = (
				FAA3984C2F1BA15A0053139B /* Sources */,
				FAA3984D2F1BA15A0053139B /* Frameworks */,
				FAA3984E2F1BA15A0053139B /* Resources */,
			);
			buildRules = (
			);
			dependencies = (
				FAA398532F1BA15A0053139B /* PBXTargetDependency */,
			);
			name = LoopdownInfrastructureTests;
			productName = LoopdownInfrastructureTests;
			productReference = FAA398502F1BA15A0053139B /* LoopdownInfrastructureTests.xctest */;
			productType = "com.apple.product-type.bundle.unit-test";
		};
		FAA398622F1BA16E0053139B /* LoopdownCore */ = {
			isa = PBXNativeTarget;
			buildConfigurationList = FAA398742F1BA16F0053139B /* Build configuration list for PBXNativeTarget "LoopdownCore" */;
			buildPhases = (
				FAA3985E2F1BA16E0053139B /* Headers */,
				FA0A60C62F1C5E850025ED20 /* Generate BuildInfo.swift */,
				FAA3985F2F1BA16E0053139B /* Sources */,
				FAA398602F1BA16E0053139B /* Frameworks */,
				FAA398612F1BA16E0053139B /* Resources */,
			);
			buildRules = (
			);
			dependencies = (
			);
			name = LoopdownCore;
			productName = LoopdownCore;
			productReference = FAA398632F1BA16E0053139B /* LoopdownCore.framework */;
			productType = "com.apple.product-type.framework";
		};
		FAA3986B2F1BA16F0053139B /* LoopdownCoreTests */ = {
			isa = PBXNativeTarget;
			buildConfigurationList = FAA398772F1BA16F0053139B /* Build configuration list for PBXNativeTarget "LoopdownCoreTests" */;
			buildPhases = (
				FAA398682F1BA16F0053139B /* Sources */,
				FAA398692F1BA16F0053139B /* Frameworks */,
				FAA3986A2F1BA16F0053139B /* Resources */,
			);
			buildRules = (
			);
			dependencies = (
				FAA3986F2F1BA16F0053139B /* PBXTargetDependency */,
			);
			name = LoopdownCoreTests;
			productName = LoopdownCoreTests;
			productReference = FAA3986C2F1BA16F0053139B /* LoopdownCoreTests.xctest */;
			productType = "com.apple.product-type.bundle.unit-test";
		};
/* End PBXNativeTarget section */

/* Begin PBXProject section */
		FAA398102F1B9FDD0053139B /* Project object */ = {
			isa = PBXProject;
			attributes = {
				BuildIndependentTargetsInParallel = 1;
				LastSwiftUpdateCheck = 1540;
				LastUpgradeCheck = 1540;
				TargetAttributes = {
					FAA398172F1B9FDD0053139B = {
						CreatedOnToolsVersion = 15.4;
					};
					FAA3982A2F1BA1330053139B = {
						CreatedOnToolsVersion = 15.4;
						LastSwiftMigration = 1540;
					};
					FAA398332F1BA1330053139B = {
						CreatedOnToolsVersion = 15.4;
					};
					FAA398462F1BA15A0053139B = {
						CreatedOnToolsVersion = 15.4;
						LastSwiftMigration = 1540;
					};
					FAA3984F2F1BA15A0053139B = {
						CreatedOnToolsVersion = 15.4;
					};
					FAA398622F1BA16E0053139B = {
						CreatedOnToolsVersion = 15.4;
						LastSwiftMigration = 1540;
					};
					FAA3986B2F1BA16F0053139B = {
						CreatedOnToolsVersion = 15.4;
					};
				};
			};
			buildConfigurationList = FAA398132F1B9FDD0053139B /* Build configuration list for PBXProject "loopdown" */;
			compatibilityVersion = "Xcode 14.0";
			developmentRegion = en;
			hasScannedForEncodings = 0;
			knownRegions = (
				en,
				Base,
			);
			mainGroup = FAA3980F2F1B9FDD0053139B;
			packageReferences = (
				FAA639A52F1BB28B00AD5B6E /* XCRemoteSwiftPackageReference "swift-argument-parser" */,
			);
			productRefGroup = FAA398192F1B9FDD0053139B /* Products */;
			projectDirPath = "";
			projectRoot = "";
			targets = (
				FAA398172F1B9FDD0053139B /* loopdown */,
				FAA3982A2F1BA1330053139B /* LoopdownServices */,
				FAA398332F1BA1330053139B /* LoopdownServicesTests */,
				FAA398462F1BA15A0053139B /* LoopdownInfrastructure */,
				FAA3984F2F1BA15A0053139B /* LoopdownInfrastructureTests */,
				FAA398622F1BA16E0053139B /* LoopdownCore */,
				FAA3986B2F1BA16F0053139B /* LoopdownCoreTests */,
			);
		};
/* End PBXProject section */

/* Begin PBXResourcesBuildPhase section */
		FAA398292F1BA1330053139B /* Resources */ = {
			isa = PBXResourcesBuildPhase;
			buildActionMask = 2147483647;
			files = (
			);
			runOnlyForDeploymentPostprocessing = 0;
		};
		FAA398322F1BA1330053139B /* Resources */ = {
			isa = PBXResourcesBuildPhase;
			buildActionMask = 2147483647;
			files = (
			);
			runOnlyForDeploymentPostprocessing = 0;
		};
		FAA398452F1BA15A0053139B /* Resources */ = {
			isa = PBXResourcesBuildPhase;
			buildActionMask = 2147483647;
			files = (
			);
			runOnlyForDeploymentPostprocessing = 0;
		};
		FAA3984E2F1BA15A0053139B /* Resources */ = {
			isa = PBXResourcesBuildPhase;
			buildActionMask = 2147483647;
			files = (
			);
			runOnlyForDeploymentPostprocessing = 0;
		};
		FAA398612F1BA16E0053139B /* Resources */ = {
			isa = PBXResourcesBuildPhase;
			buildActionMask = 2147483647;
			files = (
			);
			runOnlyForDeploymentPostprocessing = 0;
		};
		FAA3986A2F1BA16F0053139B /* Resources */ = {
			isa = PBXResourcesBuildPhase;
			buildActionMask = 2147483647;
			files = (
			);
			runOnlyForDeploymentPostprocessing = 0;
		};
/* End PBXResourcesBuildPhase section */

/* Begin PBXShellScriptBuildPhase section */
		FA0A60C62F1C5E850025ED20 /* Generate BuildInfo.swift */ = {
			isa = PBXShellScriptBuildPhase;
			buildActionMask = 2147483647;
			files = (
			);
			inputFileListPaths = (
			);
			inputPaths = (
			);
			name = "Generate BuildInfo.swift";
			outputFileListPaths = (
			);
			outputPaths = (
				"$(SRCROOT)/Sources/Generated/BuildInfo.swift",
			);
			runOnlyForDeploymentPostprocessing = 0;
			shellPath = /bin/sh;
			shellScript = "set -euo pipefail\n# Ensure UTF-8 output\nexport LC_ALL=en_AU.UTF-8\nexport LANG=en_AU.UTF-8\n\necho \">>> BuildInfo script running\"\n\n# Where to write the generated file:\nOUT_DIR=\"${SRCROOT}/Sources/Generated\"\nOUT_FILE=\"${OUT_DIR}/BuildInfo.swift\"\n\nmkdir -p \"${OUT_DIR}\"\n\n# Copyright symbol\nif locale charmap 2>/dev/null | grep -qi utf-8; then\n  COPYRIGHT_SYMBOL=\"©\"\nelse\n  COPYRIGHT_SYMBOL=\"(c)\"\nfi\n\n# Semantic version: prefer Xcode MARKETING_VERSION (set it in Build Settings)\nVERSION=\"${MARKETING_VERSION:-0.0.0}\"\necho \">>> BuildInfo version: ${MARKETING_VERSION:-<unset>}\"\n\n# Build timestamp:\n# - Prefer SOURCE_DATE_EPOCH if set (reproducible builds)\n# - Otherwise use \"now\"\nif [[ -n \"${SOURCE_DATE_EPOCH:-}\" ]]; then\n  TS=\"$(date -r \"${SOURCE_DATE_EPOCH}\" +\"%Y-%m-%dT%H:%M\")\"\nelse\n  TS=\"$(date +\"%Y-%m-%dT%H:%M\")\"\nfi\n\nYEAR=\"$(date +\"%Y\")\"\nHOLDER=\"Carl Ashley\"\n\ncat > \"${OUT_FILE}\" <<EOF\npublic enum BuildInfo {\n    public static let marketingVersion: String = \"${VERSION}\"\n    public static let buildTimestamp: String = \"${TS}\"\n    public static let copyrightYear: String = \"${YEAR}\"\n    public static let copyrightHolder: String = \"${HOLDER}\"\n    public static let identifier: String = \"com.github.carlashley.loopdown\"\n\n    public static var versionLine: String {\n        \"loopdown v\\\\(marketingVersion) (\\\\(buildTimestamp)) Copyright ${COPYRIGHT_SYMBOL} \\\\(copyrightYear) \\\\(copyrightHolder). All rights reserved.\"\n    }\n}\nEOF\n\necho \"Generated: ${OUT_FILE}\"\n";
		};
/* End PBXShellScriptBuildPhase section */

/* Begin PBXSourcesBuildPhase section */
		FAA398142F1B9FDD0053139B /* Sources */ = {
			isa = PBXSourcesBuildPhase;
			buildActionMask = 2147483647;
			files = (
				FA0A60C32F1C58D50025ED20 /* ValidationHelpers.swift in Sources */,
				FA0A60AB2F1C51630025ED20 /* AppLogLevel+ArgumentParser.swift in Sources */,
				FA0A60B12F1C54560025ED20 /* ServerArguments.swift in Sources */,
				FA0A60B72F1C550F0025ED20 /* Download.swift in Sources */,
				FAB048CB2F1C7A74000FA556 /* CLIRunner.swift in Sources */,
				FAB048C52F1C6F4B000FA556 /* ConcreteApp+ArgumentParser.swift in Sources */,
				FA0A60B32F1C548D0025ED20 /* CommonArguments.swift in Sources */,
				FA0A60B92F1C55540025ED20 /* Loopdown.swift in Sources */,
				FA0A60B52F1C54BE0025ED20 /* Deploy.swift in Sources */,
				FA7D5B572F28CA270049BB47 /* CacheServerResolution.swift in Sources */,
				FAB47FB82F1CAC5F00CB44A1 /* CoreLogger+Infrastructure.swift in Sources */,
				FA0A60C52F1C5A650025ED20 /* CLILogging.swift in Sources */,
			);
			runOnlyForDeploymentPostprocessing = 0;
		};
		FAA398272F1BA1330053139B /* Sources */ = {
			isa = PBXSourcesBuildPhase;
			buildActionMask = 2147483647;
			files = (
				FA239F202F1CF222007A0E75 /* InstalledApplicationResolver.swift in Sources */,
				FA7D5B522F28A89E0049BB47 /* ContentCoordinator.swift in Sources */,
				FA239F232F1CF2CA007A0E75 /* StagingDirectoryAndSignalling.swift in Sources */,
			);
			runOnlyForDeploymentPostprocessing = 0;
		};
		FAA398302F1BA1330053139B /* Sources */ = {
			isa = PBXSourcesBuildPhase;
			buildActionMask = 2147483647;
			files = (
			);
			runOnlyForDeploymentPostprocessing = 0;
		};
		FAA398432F1BA15A0053139B /* Sources */ = {
			isa = PBXSourcesBuildPhase;
			buildActionMask = 2147483647;
			files = (
				FA58F8EB2F1CCD38001EFB98 /* SubprocessRunner.swift in Sources */,
				FAB048C72F1C74A0000FA556 /* ExecutionLock.swift in Sources */,
				FA0A60AF2F1C54020025ED20 /* PrivilegeCheck.swift in Sources */,
				FA7D5B542F28BF7C0049BB47 /* AssetCacheLocator.swift in Sources */,
				FA0A60A82F1C4C9E0025ED20 /* Logging.swift in Sources */,
				FA58F8ED2F1CCF81001EFB98 /* PackageInfo.swift in Sources */,
				FA58F8E52F1CC9EA001EFB98 /* SystemProfiler.swift in Sources */,
			);
			runOnlyForDeploymentPostprocessing = 0;
		};
		FAA3984C2F1BA15A0053139B /* Sources */ = {
			isa = PBXSourcesBuildPhase;
			buildActionMask = 2147483647;
			files = (
			);
			runOnlyForDeploymentPostprocessing = 0;
		};
		FAA3985F2F1BA16E0053139B /* Sources */ = {
			isa = PBXSourcesBuildPhase;
			buildActionMask = 2147483647;
			files = (
				FA239F262F1E154B007A0E75 /* Collection+Enumerated.swift in Sources */,
				FAB47FAE2F1C8CE600CB44A1 /* ByteSize.swift in Sources */,
				FAB47FC22F1CB78300CB44A1 /* LoggerProtocol.swift in Sources */,
				FA0A60BD2F1C568D0025ED20 /* ConcreteApp.swift in Sources */,
				FA0A60C82F1C62AF0025ED20 /* BuildInfo.swift in Sources */,
				FAB47FB32F1CA85E00CB44A1 /* AudioApplication.swift in Sources */,
				FAB47FBA2F1CAEBF00CB44A1 /* AudioContentPackage.swift in Sources */,
				FA0A60A62F1C4BAE0025ED20 /* LoopdownConstants.swift in Sources */,
				FAB47FB02F1C9DDA00CB44A1 /* DownloadPathNormalization.swift in Sources */,
			);
			runOnlyForDeploymentPostprocessing = 0;
		};
		FAA398682F1BA16F0053139B /* Sources */ = {
			isa = PBXSourcesBuildPhase;
			buildActionMask = 2147483647;
			files = (
			);
			runOnlyForDeploymentPostprocessing = 0;
		};
/* End PBXSourcesBuildPhase section */

/* Begin PBXTargetDependency section */
		1893FE3B2932433384D755CA /* PBXTargetDependency */ = {
			isa = PBXTargetDependency;
			target = FAA3982A2F1BA1330053139B /* LoopdownServices */;
			targetProxy = FAA398362F1BA1330053139B /* PBXContainerItemProxy */;
		};
		9F5D9DEBA8144307878280D7 /* PBXTargetDependency */ = {
			isa = PBXTargetDependency;
			target = FAA398462F1BA15A0053139B /* LoopdownInfrastructure */;
			targetProxy = FAA398522F1BA15A0053139B /* PBXContainerItemProxy */;
		};
		E11EA5DB94504A8AA8A8ED23 /* PBXTargetDependency */ = {
			isa = PBXTargetDependency;
			target = FAA398622F1BA16E0053139B /* LoopdownCore */;
			targetProxy = FAA3986E2F1BA16F0053139B /* PBXContainerItemProxy */;
		};
		FAA398372F1BA1330053139B /* PBXTargetDependency */ = {
			isa = PBXTargetDependency;
			target = FAA3982A2F1BA1330053139B /* LoopdownServices */;
			targetProxy = FAA398362F1BA1330053139B /* PBXContainerItemProxy */;
		};
		FAA398532F1BA15A0053139B /* PBXTargetDependency */ = {
			isa = PBXTargetDependency;
			target = FAA398462F1BA15A0053139B /* LoopdownInfrastructure */;
			targetProxy = FAA398522F1BA15A0053139B /* PBXContainerItemProxy */;
		};
		FAA3986F2F1BA16F0053139B /* PBXTargetDependency */ = {
			isa = PBXTargetDependency;
			target = FAA398622F1BA16E0053139B /* LoopdownCore */;
			targetProxy = FAA3986E2F1BA16F0053139B /* PBXContainerItemProxy */;
		};
/* End PBXTargetDependency section */

/* Begin XCBuildConfiguration section */
		FAA3981D2F1B9FDD0053139B /* Debug */ = {
			isa = XCBuildConfiguration;
			buildSettings = {
				ALWAYS_SEARCH_USER_PATHS = NO;
				ASSETCATALOG_COMPILER_GENERATE_SWIFT_ASSET_SYMBOL_EXTENSIONS = YES;
				CLANG_ANALYZER_NONNULL = YES;
				CLANG_ANALYZER_NUMBER_OBJECT_CONVERSION = YES_AGGRESSIVE;
				CLANG_CXX_LANGUAGE_STANDARD = "gnu++20";
				CLANG_ENABLE_MODULES = YES;
				CLANG_ENABLE_OBJC_ARC = YES;
				CLANG_ENABLE_OBJC_WEAK = YES;
				CLANG_WARN_BLOCK_CAPTURE_AUTORELEASING = YES;
				CLANG_WARN_BOOL_CONVERSION = YES;
				CLANG_WARN_COMMA = YES;
				CLANG_WARN_CONSTANT_CONVERSION = YES;
				CLANG_WARN_DEPRECATED_OBJC_IMPLEMENTATIONS = YES;
				CLANG_WARN_DIRECT_OBJC_ISA_USAGE = YES_ERROR;
				CLANG_WARN_DOCUMENTATION_COMMENTS = YES;
				CLANG_WARN_EMPTY_BODY = YES;
				CLANG_WARN_ENUM_CONVERSION = YES;
				CLANG_WARN_INFINITE_RECURSION = YES;
				CLANG_WARN_INT_CONVERSION = YES;
				CLANG_WARN_NON_LITERAL_NULL_CONVERSION = YES;
				CLANG_WARN_OBJC_IMPLICIT_RETAIN_SELF = YES;
				CLANG_WARN_OBJC_LITERAL_CONVERSION = YES;
				CLANG_WARN_OBJC_ROOT_CLASS = YES_ERROR;
				CLANG_WARN_QUOTED_INCLUDE_IN_FRAMEWORK_HEADER = YES;
				CLANG_WARN_RANGE_LOOP_ANALYSIS = YES;
				CLANG_WARN_STRICT_PROTOTYPES = YES;
				CLANG_WARN_SUSPICIOUS_MOVE = YES;
				CLANG_WARN_UNGUARDED_AVAILABILITY = YES_AGGRESSIVE;
				CLANG_WARN_UNREACHABLE_CODE = YES;
				CLANG_WARN__DUPLICATE_METHOD_MATCH = YES;
				COPY_PHASE_STRIP = NO;
				DEBUG_INFORMATION_FORMAT = dwarf;
				ENABLE_STRICT_OBJC_MSGSEND = YES;
				ENABLE_TESTABILITY = YES;
				ENABLE_USER_SCRIPT_SANDBOXING = YES;
				GCC_C_LANGUAGE_STANDARD = gnu17;
				GCC_DYNAMIC_NO_PIC = NO;
				GCC_NO_COMMON_BLOCKS = YES;
				GCC_OPTIMIZATION_LEVEL = 0;
				GCC_PREPROCESSOR_DEFINITIONS = (
					"DEBUG=1",
					"$(inherited)",
				);
				GCC_WARN_64_TO_32_BIT_CONVERSION = YES;
				GCC_WARN_ABOUT_RETURN_TYPE = YES_ERROR;
				GCC_WARN_UNDECLARED_SELECTOR = YES;
				GCC_WARN_UNINITIALIZED_AUTOS = YES_AGGRESSIVE;
				GCC_WARN_UNUSED_FUNCTION = YES;
				GCC_WARN_UNUSED_VARIABLE = YES;
				LOCALIZATION_PREFERS_STRING_CATALOGS = YES;
				MACOSX_DEPLOYMENT_TARGET = 14.5;
				MTL_ENABLE_DEBUG_INFO = INCLUDE_SOURCE;
				MTL_FAST_MATH = YES;
				ONLY_ACTIVE_ARCH = YES;
				SDKROOT = macosx;
				SWIFT_ACTIVE_COMPILATION_CONDITIONS = "DEBUG $(inherited)";
				SWIFT_OPTIMIZATION_LEVEL = "-Onone";
			};
			name = Debug;
		};
		FAA3981E2F1B9FDD0053139B /* Release */ = {
			isa = XCBuildConfiguration;
			buildSettings = {
				ALWAYS_SEARCH_USER_PATHS = NO;
				ASSETCATALOG_COMPILER_GENERATE_SWIFT_ASSET_SYMBOL_EXTENSIONS = YES;
				CLANG_ANALYZER_NONNULL = YES;
				CLANG_ANALYZER_NUMBER_OBJECT_CONVERSION = YES_AGGRESSIVE;
				CLANG_CXX_LANGUAGE_STANDARD = "gnu++20";
				CLANG_ENABLE_MODULES = YES;
				CLANG_ENABLE_OBJC_ARC = YES;
				CLANG_ENABLE_OBJC_WEAK = YES;
				CLANG_WARN_BLOCK_CAPTURE_AUTORELEASING = YES;
				CLANG_WARN_BOOL_CONVERSION = YES;
				CLANG_WARN_COMMA = YES;
				CLANG_WARN_CONSTANT_CONVERSION = YES;
				CLANG_WARN_DEPRECATED_OBJC_IMPLEMENTATIONS = YES;
				CLANG_WARN_DIRECT_OBJC_ISA_USAGE = YES_ERROR;
				CLANG_WARN_DOCUMENTATION_COMMENTS = YES;
				CLANG_WARN_EMPTY_BODY = YES;
				CLANG_WARN_ENUM_CONVERSION = YES;
				CLANG_WARN_INFINITE_RECURSION = YES;
				CLANG_WARN_INT_CONVERSION = YES;
				CLANG_WARN_NON_LITERAL_NULL_CONVERSION = YES;
				CLANG_WARN_OBJC_IMPLICIT_RETAIN_SELF = YES;
				CLANG_WARN_OBJC_LITERAL_CONVERSION = YES;
				CLANG_WARN_OBJC_ROOT_CLASS = YES_ERROR;
				CLANG_WARN_QUOTED_INCLUDE_IN_FRAMEWORK_HEADER = YES;
				CLANG_WARN_RANGE_LOOP_ANALYSIS = YES;
				CLANG_WARN_STRICT_PROTOTYPES = YES;
				CLANG_WARN_SUSPICIOUS_MOVE = YES;
				CLANG_WARN_UNGUARDED_AVAILABILITY = YES_AGGRESSIVE;
				CLANG_WARN_UNREACHABLE_CODE = YES;
				CLANG_WARN__DUPLICATE_METHOD_MATCH = YES;
				COPY_PHASE_STRIP = NO;
				DEBUG_INFORMATION_FORMAT = "dwarf-with-dsym";
				ENABLE_NS_ASSERTIONS = NO;
				ENABLE_STRICT_OBJC_MSGSEND = YES;
				ENABLE_USER_SCRIPT_SANDBOXING = YES;
				GCC_C_LANGUAGE_STANDARD = gnu17;
				GCC_NO_COMMON_BLOCKS = YES;
				GCC_WARN_64_TO_32_BIT_CONVERSION = YES;
				GCC_WARN_ABOUT_RETURN_TYPE = YES_ERROR;
				GCC_WARN_UNDECLARED_SELECTOR = YES;
				GCC_WARN_UNINITIALIZED_AUTOS = YES_AGGRESSIVE;
				GCC_WARN_UNUSED_FUNCTION = YES;
				GCC_WARN_UNUSED_VARIABLE = YES;
				LOCALIZATION_PREFERS_STRING_CATALOGS = YES;
				MACOSX_DEPLOYMENT_TARGET = 14.5;
				MTL_ENABLE_DEBUG_INFO = NO;
				MTL_FAST_MATH = YES;
				SDKROOT = macosx;
				SWIFT_COMPILATION_MODE = wholemodule;
			};
			name = Release;
		};
		FAA398202F1B9FDD0053139B /* Debug */ = {
			isa = XCBuildConfiguration;
			buildSettings = {
				CODE_SIGN_STYLE = Automatic;
				PRODUCT_NAME = "$(TARGET_NAME)";
				SWIFT_VERSION = 5.0;
			};
			name = Debug;
		};
		FAA398212F1B9FDD0053139B /* Release */ = {
			isa = XCBuildConfiguration;
			buildSettings = {
				CODE_SIGN_STYLE = Automatic;
				PRODUCT_NAME = "$(TARGET_NAME)";
				SWIFT_VERSION = 5.0;
			};
			name = Release;
		};
		FAA3983D2F1BA1330053139B /* Debug */ = {
			isa = XCBuildConfiguration;
			buildSettings = {
				BUILD_LIBRARY_FOR_DISTRIBUTION = YES;
				CLANG_ENABLE_MODULES = YES;
				CODE_SIGN_STYLE = Automatic;
				COMBINE_HIDPI_IMAGES = YES;
				CURRENT_PROJECT_VERSION = 1;
				DEFINES_MODULE = YES;
				DYLIB_COMPATIBILITY_VERSION = 1;
				DYLIB_CURRENT_VERSION = 1;
				DYLIB_INSTALL_NAME_BASE = "@rpath";
				ENABLE_MODULE_VERIFIER = YES;
				GENERATE_INFOPLIST_FILE = YES;
				INFOPLIST_KEY_NSHumanReadableCopyright = "";
				INSTALL_PATH = "$(LOCAL_LIBRARY_DIR)/Frameworks";
				LD_RUNPATH_SEARCH_PATHS = (
					"$(inherited)",
					"@executable_path/../Frameworks",
					"@loader_path/Frameworks",
				);
				MACH_O_TYPE = staticlib;
				MARKETING_VERSION = 1.0;
				MODULE_VERIFIER_SUPPORTED_LANGUAGES = "objective-c objective-c++";
				MODULE_VERIFIER_SUPPORTED_LANGUAGE_STANDARDS = "gnu17 gnu++20";
				PRODUCT_BUNDLE_IDENTIFIER = com.github.carlashley.loopdown.LoopdownServices;
				PRODUCT_NAME = "$(TARGET_NAME:c99extidentifier)";
				SKIP_INSTALL = YES;
				SWIFT_EMIT_LOC_STRINGS = YES;
				SWIFT_INSTALL_OBJC_HEADER = NO;
				SWIFT_OPTIMIZATION_LEVEL = "-Onone";
				SWIFT_VERSION = 5.0;
				VERSIONING_SYSTEM = "apple-generic";
				VERSION_INFO_PREFIX = "";
			};
			name = Debug;
		};
		FAA3983E2F1BA1330053139B /* Release */ = {
			isa = XCBuildConfiguration;
			buildSettings = {
				BUILD_LIBRARY_FOR_DISTRIBUTION = YES;
				CLANG_ENABLE_MODULES = YES;
				CODE_SIGN_STYLE = Automatic;
				COMBINE_HIDPI_IMAGES = YES;
				CURRENT_PROJECT_VERSION = 1;
				DEFINES_MODULE = YES;
				DYLIB_COMPATIBILITY_VERSION = 1;
				DYLIB_CURRENT_VERSION = 1;
				DYLIB_INSTALL_NAME_BASE = "@rpath";
				ENABLE_MODULE_VERIFIER = YES;
				GENERATE_INFOPLIST_FILE = YES;
				INFOPLIST_KEY_NSHumanReadableCopyright = "";
				INSTALL_PATH = "$(LOCAL_LIBRARY_DIR)/Frameworks";
				LD_RUNPATH_SEARCH_PATHS = (
					"$(inherited)",
					"@executable_path/../Frameworks",
					"@loader_path/Frameworks",
				);
				MACH_O_TYPE = staticlib;
				MARKETING_VERSION = 1.0;
				MODULE_VERIFIER_SUPPORTED_LANGUAGES = "objective-c objective-c++";
				MODULE_VERIFIER_SUPPORTED_LANGUAGE_STANDARDS = "gnu17 gnu++20";
				PRODUCT_BUNDLE_IDENTIFIER = com.github.carlashley.loopdown.LoopdownServices;
				PRODUCT_NAME = "$(TARGET_NAME:c99extidentifier)";
				SKIP_INSTALL = YES;
				SWIFT_EMIT_LOC_STRINGS = YES;
				SWIFT_INSTALL_OBJC_HEADER = NO;
				SWIFT_VERSION = 5.0;
				VERSIONING_SYSTEM = "apple-generic";
				VERSION_INFO_PREFIX = "";
			};
			name = Release;
		};
		FAA398402F1BA1330053139B /* Debug */ = {
			isa = XCBuildConfiguration;
			buildSettings = {
				ALWAYS_EMBED_SWIFT_STANDARD_LIBRARIES = YES;
				CODE_SIGN_STYLE = Automatic;
				CURRENT_PROJECT_VERSION = 1;
				GENERATE_INFOPLIST_FILE = YES;
				MARKETING_VERSION = 1.0;
				PRODUCT_BUNDLE_IDENTIFIER = com.github.carlashley.loopdown.LoopdownServicesTests;
				PRODUCT_NAME = "$(TARGET_NAME)";
				SWIFT_EMIT_LOC_STRINGS = NO;
				SWIFT_VERSION = 5.0;
			};
			name = Debug;
		};
		FAA398412F1BA1330053139B /* Release */ = {
			isa = XCBuildConfiguration;
			buildSettings = {
				ALWAYS_EMBED_SWIFT_STANDARD_LIBRARIES = YES;
				CODE_SIGN_STYLE = Automatic;
				CURRENT_PROJECT_VERSION = 1;
				GENERATE_INFOPLIST_FILE = YES;
				MARKETING_VERSION = 1.0;
				PRODUCT_BUNDLE_IDENTIFIER = com.github.carlashley.loopdown.LoopdownServicesTests;
				PRODUCT_NAME = "$(TARGET_NAME)";
				SWIFT_EMIT_LOC_STRINGS = NO;
				SWIFT_VERSION = 5.0;
			};
			name = Release;
		};
		FAA398592F1BA15A0053139B /* Debug */ = {
			isa = XCBuildConfiguration;
			buildSettings = {
				BUILD_LIBRARY_FOR_DISTRIBUTION = YES;
				CLANG_ENABLE_MODULES = YES;
				CODE_SIGN_STYLE = Automatic;
				COMBINE_HIDPI_IMAGES = YES;
				CURRENT_PROJECT_VERSION = 1;
				DEFINES_MODULE = YES;
				DYLIB_COMPATIBILITY_VERSION = 1;
				DYLIB_CURRENT_VERSION = 1;
				DYLIB_INSTALL_NAME_BASE = "@rpath";
				ENABLE_MODULE_VERIFIER = YES;
				GENERATE_INFOPLIST_FILE = YES;
				INFOPLIST_KEY_NSHumanReadableCopyright = "";
				INSTALL_PATH = "$(LOCAL_LIBRARY_DIR)/Frameworks";
				LD_RUNPATH_SEARCH_PATHS = (
					"$(inherited)",
					"@executable_path/../Frameworks",
					"@loader_path/Frameworks",
				);
				MACH_O_TYPE = staticlib;
				MACOSX_DEPLOYMENT_TARGET = 14.0;
				MARKETING_VERSION = 1.0;
				MODULE_VERIFIER_SUPPORTED_LANGUAGES = "objective-c objective-c++";
				MODULE_VERIFIER_SUPPORTED_LANGUAGE_STANDARDS = "gnu17 gnu++20";
				PRODUCT_BUNDLE_IDENTIFIER = com.github.carlashley.loopdown.LoopdownInfrastructure;
				PRODUCT_NAME = "$(TARGET_NAME:c99extidentifier)";
				SKIP_INSTALL = YES;
				SWIFT_EMIT_LOC_STRINGS = YES;
				SWIFT_INSTALL_OBJC_HEADER = NO;
				SWIFT_OPTIMIZATION_LEVEL = "-Onone";
				SWIFT_VERSION = 5.0;
				VERSIONING_SYSTEM = "apple-generic";
				VERSION_INFO_PREFIX = "";
			};
			name = Debug;
		};
		FAA3985A2F1BA15A0053139B /* Release */ = {
			isa = XCBuildConfiguration;
			buildSettings = {
				BUILD_LIBRARY_FOR_DISTRIBUTION = YES;
				CLANG_ENABLE_MODULES = YES;
				CODE_SIGN_STYLE = Automatic;
				COMBINE_HIDPI_IMAGES = YES;
				CURRENT_PROJECT_VERSION = 1;
				DEFINES_MODULE = YES;
				DYLIB_COMPATIBILITY_VERSION = 1;
				DYLIB_CURRENT_VERSION = 1;
				DYLIB_INSTALL_NAME_BASE = "@rpath";
				ENABLE_MODULE_VERIFIER = YES;
				GENERATE_INFOPLIST_FILE = YES;
				INFOPLIST_KEY_NSHumanReadableCopyright = "";
				INSTALL_PATH = "$(LOCAL_LIBRARY_DIR)/Frameworks";
				LD_RUNPATH_SEARCH_PATHS = (
					"$(inherited)",
					"@executable_path/../Frameworks",
					"@loader_path/Frameworks",
				);
				MACH_O_TYPE = staticlib;
				MACOSX_DEPLOYMENT_TARGET = 14.0;
				MARKETING_VERSION = 1.0;
				MODULE_VERIFIER_SUPPORTED_LANGUAGES = "objective-c objective-c++";
				MODULE_VERIFIER_SUPPORTED_LANGUAGE_STANDARDS = "gnu17 gnu++20";
				PRODUCT_BUNDLE_IDENTIFIER = com.github.carlashley.loopdown.LoopdownInfrastructure;
				PRODUCT_NAME = "$(TARGET_NAME:c99extidentifier)";
				SKIP_INSTALL = YES;
				SWIFT_EMIT_LOC_STRINGS = YES;
				SWIFT_INSTALL_OBJC_HEADER = NO;
				SWIFT_VERSION = 5.0;
				VERSIONING_SYSTEM = "apple-generic";
				VERSION_INFO_PREFIX = "";
			};
			name = Release;
		};
		FAA3985C2F1BA15A0053139B /* Debug */ = {
			isa = XCBuildConfiguration;
			buildSettings = {
				ALWAYS_EMBED_SWIFT_STANDARD_LIBRARIES = YES;
				CODE_SIGN_STYLE = Automatic;
				CURRENT_PROJECT_VERSION = 1;
				GENERATE_INFOPLIST_FILE = YES;
				MARKETING_VERSION = 1.0;
				PRODUCT_BUNDLE_IDENTIFIER = com.github.carlashley.loopdown.LoopdownInfrastructureTests;
				PRODUCT_NAME = "$(TARGET_NAME)";
				SWIFT_EMIT_LOC_STRINGS = NO;
				SWIFT_VERSION = 5.0;
			};
			name = Debug;
		};
		FAA3985D2F1BA15A0053139B /* Release */ = {
			isa = XCBuildConfiguration;
			buildSettings = {
				ALWAYS_EMBED_SWIFT_STANDARD_LIBRARIES = YES;
				CODE_SIGN_STYLE = Automatic;
				CURRENT_PROJECT_VERSION = 1;
				GENERATE_INFOPLIST_FILE = YES;
				MARKETING_VERSION = 1.0;
				PRODUCT_BUNDLE_IDENTIFIER = com.github.carlashley.loopdown.LoopdownInfrastructureTests;
				PRODUCT_NAME = "$(TARGET_NAME)";
				SWIFT_EMIT_LOC_STRINGS = NO;
				SWIFT_VERSION = 5.0;
			};
			name = Release;
		};
		FAA398752F1BA16F0053139B /* Debug */ = {
			isa = XCBuildConfiguration;
			buildSettings = {
				BUILD_LIBRARY_FOR_DISTRIBUTION = YES;
				CLANG_ENABLE_MODULES = YES;
				CODE_SIGN_STYLE = Automatic;
				COMBINE_HIDPI_IMAGES = YES;
				CURRENT_PROJECT_VERSION = 1;
				DEFINES_MODULE = YES;
				DYLIB_COMPATIBILITY_VERSION = 1;
				DYLIB_CURRENT_VERSION = 1;
				DYLIB_INSTALL_NAME_BASE = "@rpath";
				ENABLE_MODULE_VERIFIER = YES;
				GENERATE_INFOPLIST_FILE = YES;
				INFOPLIST_KEY_NSHumanReadableCopyright = "";
				INSTALL_PATH = "$(LOCAL_LIBRARY_DIR)/Frameworks";
				LD_RUNPATH_SEARCH_PATHS = (
					"$(inherited)",
					"@executable_path/../Frameworks",
					"@loader_path/Frameworks",
				);
				MACH_O_TYPE = staticlib;
				MARKETING_VERSION = 2.0.0swiftdev;
				MODULE_VERIFIER_SUPPORTED_LANGUAGES = "objective-c objective-c++";
				MODULE_VERIFIER_SUPPORTED_LANGUAGE_STANDARDS = "gnu17 gnu++20";
				PRODUCT_BUNDLE_IDENTIFIER = com.github.carlashley.loopdown.LoopdownCore;
				PRODUCT_NAME = "$(TARGET_NAME:c99extidentifier)";
				SKIP_INSTALL = YES;
				SWIFT_EMIT_LOC_STRINGS = YES;
				SWIFT_INSTALL_OBJC_HEADER = NO;
				SWIFT_OPTIMIZATION_LEVEL = "-Onone";
				SWIFT_VERSION = 5.0;
				VERSIONING_SYSTEM = "apple-generic";
				VERSION_INFO_PREFIX = "";
			};
			name = Debug;
		};
		FAA398762F1BA16F0053139B /* Release */ = {
			isa = XCBuildConfiguration;
			buildSettings = {
				BUILD_LIBRARY_FOR_DISTRIBUTION = YES;
				CLANG_ENABLE_MODULES = YES;
				CODE_SIGN_STYLE = Automatic;
				COMBINE_HIDPI_IMAGES = YES;
				CURRENT_PROJECT_VERSION = 1;
				DEFINES_MODULE = YES;
				DYLIB_COMPATIBILITY_VERSION = 1;
				DYLIB_CURRENT_VERSION = 1;
				DYLIB_INSTALL_NAME_BASE = "@rpath";
				ENABLE_MODULE_VERIFIER = YES;
				GENERATE_INFOPLIST_FILE = YES;
				INFOPLIST_KEY_NSHumanReadableCopyright = "";
				INSTALL_PATH = "$(LOCAL_LIBRARY_DIR)/Frameworks";
				LD_RUNPATH_SEARCH_PATHS = (
					"$(inherited)",
					"@executable_path/../Frameworks",
					"@loader_path/Frameworks",
				);
				MACH_O_TYPE = staticlib;
				MARKETING_VERSION = 2.0.1;
				MODULE_VERIFIER_SUPPORTED_LANGUAGES = "objective-c objective-c++";
				MODULE_VERIFIER_SUPPORTED_LANGUAGE_STANDARDS = "gnu17 gnu++20";
				PRODUCT_BUNDLE_IDENTIFIER = com.github.carlashley.loopdown.LoopdownCore;
				PRODUCT_NAME = "$(TARGET_NAME:c99extidentifier)";
				SKIP_INSTALL = YES;
				SWIFT_EMIT_LOC_STRINGS = YES;
				SWIFT_INSTALL_OBJC_HEADER = NO;
				SWIFT_VERSION = 5.0;
				VERSIONING_SYSTEM = "apple-generic";
				VERSION_INFO_PREFIX = "";
			};
			name = Release;
		};
		FAA398782F1BA16F0053139B /* Debug */ = {
			isa = XCBuildConfiguration;
			buildSettings = {
				ALWAYS_EMBED_SWIFT_STANDARD_LIBRARIES = YES;
				CODE_SIGN_STYLE = Automatic;
				CURRENT_PROJECT_VERSION = 1;
				GENERATE_INFOPLIST_FILE = YES;
				MARKETING_VERSION = 1.0;
				PRODUCT_BUNDLE_IDENTIFIER = com.github.carlashley.loopdown.LoopdownCoreTests;
				PRODUCT_NAME = "$(TARGET_NAME)";
				SWIFT_EMIT_LOC_STRINGS = NO;
				SWIFT_VERSION = 5.0;
			};
			name = Debug;
		};
		FAA398792F1BA16F0053139B /* Release */ = {
			isa = XCBuildConfiguration;
			buildSettings = {
				ALWAYS_EMBED_SWIFT_STANDARD_LIBRARIES = YES;
				CODE_SIGN_STYLE = Automatic;
				CURRENT_PROJECT_VERSION = 1;
				GENERATE_INFOPLIST_FILE = YES;
				MARKETING_VERSION = 1.0;
				PRODUCT_BUNDLE_IDENTIFIER = com.github.carlashley.loopdown.LoopdownCoreTests;
				PRODUCT_NAME = "$(TARGET_NAME)";
				SWIFT_EMIT_LOC_STRINGS = NO;
				SWIFT_VERSION = 5.0;
			};
			name = Release;
		};
/* End XCBuildConfiguration section */

/* Begin XCConfigurationList section */
		FAA398132F1B9FDD0053139B /* Build configuration list for PBXProject "loopdown" */ = {
			isa = XCConfigurationList;
			buildConfigurations = (
				FAA3981D2F1B9FDD0053139B /* Debug */,
				FAA3981E2F1B9FDD0053139B /* Release */,
			);
			defaultConfigurationIsVisible = 0;
			defaultConfigurationName = Release;
		};
		FAA3981F2F1B9FDD0053139B /* Build configuration list for PBXNativeTarget "loopdown" */ = {
			isa = XCConfigurationList;
			buildConfigurations = (
				FAA398202F1B9FDD0053139B /* Debug */,
				FAA398212F1B9FDD0053139B /* Release */,
			);
			defaultConfigurationIsVisible = 0;
			defaultConfigurationName = Release;
		};
		FAA3983C2F1BA1330053139B /* Build configuration list for PBXNativeTarget "LoopdownServices" */ = {
			isa = XCConfigurationList;
			buildConfigurations = (
				FAA3983D2F1BA1330053139B /* Debug */,
				FAA3983E2F1BA1330053139B /* Release */,
			);
			defaultConfigurationIsVisible = 0;
			defaultConfigurationName = Release;
		};
		FAA3983F2F1BA1330053139B /* Build configuration list for PBXNativeTarget "LoopdownServicesTests" */ = {
			isa = XCConfigurationList;
			buildConfigurations = (
				FAA398402F1BA1330053139B /* Debug */,
				FAA398412F1BA1330053139B /* Release */,
			);
			defaultConfigurationIsVisible = 0;
			defaultConfigurationName = Release;
		};
		FAA398582F1BA15A0053139B /* Build configuration list for PBXNativeTarget "LoopdownInfrastructure" */ = {
			isa = XCConfigurationList;
			buildConfigurations = (
				FAA398592F1BA15A0053139B /* Debug */,
				FAA3985A2F1BA15A0053139B /* Release */,
			);
			defaultConfigurationIsVisible = 0;
			defaultConfigurationName = Release;
		};
		FAA3985B2F1BA15A0053139B /* Build configuration list for PBXNativeTarget "LoopdownInfrastructureTests" */ = {
			isa = XCConfigurationList;
			buildConfigurations = (
				FAA3985C2F1BA15A0053139B /* Debug */,
				FAA3985D2F1BA15A0053139B /* Release */,
			);
			defaultConfigurationIsVisible = 0;
			defaultConfigurationName = Release;
		};
		FAA398742F1BA16F0053139B /* Build configuration list for PBXNativeTarget "LoopdownCore" */ = {
			isa = XCConfigurationList;
			buildConfigurations = (
				FAA398752F1BA16F0053139B /* Debug */,
				FAA398762F1BA16F0053139B /* Release */,
			);
			defaultConfigurationIsVisible = 0;
			defaultConfigurationName = Release;
		};
		FAA398772F1BA16F0053139B /* Build configuration list for PBXNativeTarget "LoopdownCoreTests" */ = {
			isa = XCConfigurationList;
			buildConfigurations = (
				FAA398782F1BA16F0053139B /* Debug */,
				FAA398792F1BA16F0053139B /* Release */,
			);
			defaultConfigurationIsVisible = 0;
			defaultConfigurationName = Release;
		};
/* End XCConfigurationList section */

/* Begin XCRemoteSwiftPackageReference section */
		FAA639A52F1BB28B00AD5B6E /* XCRemoteSwiftPackageReference "swift-argument-parser" */ = {
			isa = XCRemoteSwiftPackageReference;
			repositoryURL = "https://github.com/apple/swift-argument-parser.git";
			requirement = {
				kind = exactVersion;
				version = 1.6.2;
			};
		};
/* End XCRemoteSwiftPackageReference section */

/* Begin XCSwiftPackageProductDependency section */
		FAA639A62F1BB28B00AD5B6E /* ArgumentParser */ = {
			isa = XCSwiftPackageProductDependency;
			package = FAA639A52F1BB28B00AD5B6E /* XCRemoteSwiftPackageReference "swift-argument-parser" */;
			productName = ArgumentParser;
		};
/* End XCSwiftPackageProductDependency section */
	};
	rootObject = FAA398102F1B9FDD0053139B /* Project object */;
}
